dependencies:
  espressif/coap:
    component_hash: 041beed0026e0b9f461ffea422bcb579b41fc58df1c1286648b749aceaed2e9b
    dependencies:
    - name: idf
      registry_url: https://components.espressif.com
      require: private
      version: '>=4.4'
    source:
      registry_url: https://components.espressif.com/
      type: service
    version: 4.3.5~2
  espressif/led_strip:
    component_hash: f907c58f722c58ab8545366668cfd8769cefb7d97a631a14e9d16234cc72bdff
    dependencies:
    - name: idf
      require: private
      version: '>=5.0'
    source:
      registry_url: https://components.espressif.com/
      type: service
    version: 3.0.0
  idf:
    source:
      type: idf
    version: 5.3.1
  wolfssl/wolfssl:
    component_hash: 959be4312dbd4d469824e4e02ec0e5e5654da4c3f210bd59343f28a3547472d2
    dependencies: []
    source:
      registry_url: https://components.espressif.com/
      type: service
    version: 5.7.2
direct_dependencies:
- espressif/coap
- espressif/led_strip
- idf
- wolfssl/wolfssl
manifest_hash: 0a8e15223828b16a23bd386908b16c1164fdffbf458a358f471e50094fb61237
target: esp32
version: 2.0.0
